
Microsoft Visual Studio Solution File, Format Version 12.00
# Visual Studio Version 16
VisualStudioVersion = 16.0.29424.173
MinimumVisualStudioVersion = 10.0.40219.1
Project("{888888A0-9F3D-457C-B088-3A5042F75D52}") = "NetaTel", "NetaTel\NetaTel.pyproj", "{CB28D855-6FB0-48A2-90E5-A5D575A32F29}"
EndProject
Global
	GlobalSection(SolutionConfigurationPlatforms) = preSolution
		Debug|Any CPU = Debug|Any CPU
		Release|Any CPU = Release|Any CPU
	EndGlobalSection
	GlobalSection(ProjectConfigurationPlatforms) = postSolution
		{CB28D855-6FB0-48A2-90E5-A5D575A32F29}.Debug|Any CPU.ActiveCfg = Debug|Any CPU
		{CB28D855-6FB0-48A2-90E5-A5D575A32F29}.Release|Any CPU.ActiveCfg = Release|Any CPU
	EndGlobalSection
	GlobalSection(SolutionProperties) = preSolution
		HideSolutionNode = FALSE
	EndGlobalSection
	GlobalSection(ExtensibilityGlobals) = postSolution
		SolutionGuid = {ECF1460F-CE56-498D-970A-312F3784CE3F}
	EndGlobalSection
EndGlobal
